// !$*UTF8*$!
{
	archiveVersion = 1;
	classes = {
	};
	objectVersion = 46;
	objects = {

/* Begin PBXBuildFile section */
		A32D8CAF1B11D4150017BE12 /* AppDelegate.swift in Sources */ = {isa = PBXBuildFile; fileRef = A32D8CAE1B11D4150017BE12 /* AppDelegate.swift */; };
		A32D8CB11B11D4150017BE12 /* ViewController.swift in Sources */ = {isa = PBXBuildFile; fileRef = A32D8CB01B11D4150017BE12 /* ViewController.swift */; };
		A32D8CB41B11D4150017BE12 /* Main.storyboard in Resources */ = {isa = PBXBuildFile; fileRef = A32D8CB21B11D4150017BE12 /* Main.storyboard */; };
		A32D8CB61B11D4150017BE12 /* Images.xcassets in Resources */ = {isa = PBXBuildFile; fileRef = A32D8CB51B11D4150017BE12 /* Images.xcassets */; };
		A32D8CB91B11D4150017BE12 /* LaunchScreen.xib in Resources */ = {isa = PBXBuildFile; fileRef = A32D8CB71B11D4150017BE12 /* LaunchScreen.xib */; };
		A32D8CC51B11D4150017BE12 /* StopWatch2Tests.swift in Sources */ = {isa = PBXBuildFile; fileRef = A32D8CC41B11D4150017BE12 /* StopWatch2Tests.swift */; };
		A32D8CCF1B11D52F0017BE12 /* LapViewController.swift in Sources */ = {isa = PBXBuildFile; fileRef = A32D8CCE1B11D52F0017BE12 /* LapViewController.swift */; };
		A32D8CEA1B11DD4E0017BE12 /* Button_SW.png in Resources */ = {isa = PBXBuildFile; fileRef = A32D8CE21B11DD4E0017BE12 /* Button_SW.png */; };
		A32D8CEB1B11DD4E0017BE12 /* flame.png in Resources */ = {isa = PBXBuildFile; fileRef = A32D8CE31B11DD4E0017BE12 /* flame.png */; };
		A32D8CEC1B11DD4E0017BE12 /* Crysta.ttf in Resources */ = {isa = PBXBuildFile; fileRef = A32D8CE41B11DD4E0017BE12 /* Crysta.ttf */; };
		A32D8CED1B11DD4E0017BE12 /* ButtonBACK_SW.png in Resources */ = {isa = PBXBuildFile; fileRef = A32D8CE51B11DD4E0017BE12 /* ButtonBACK_SW.png */; };
		A32D8CEE1B11DD4E0017BE12 /* ButtonNEXT_SW.png in Resources */ = {isa = PBXBuildFile; fileRef = A32D8CE61B11DD4E0017BE12 /* ButtonNEXT_SW.png */; };
		A32D8CEF1B11DD4E0017BE12 /* ButtonAC_SW.png in Resources */ = {isa = PBXBuildFile; fileRef = A32D8CE71B11DD4E0017BE12 /* ButtonAC_SW.png */; };
		A32D8CF01B11DD4E0017BE12 /* ButtonLAP_SW.png in Resources */ = {isa = PBXBuildFile; fileRef = A32D8CE81B11DD4E0017BE12 /* ButtonLAP_SW.png */; };
		A32D8CF11B11DD4E0017BE12 /* ButtonREC_SW.png in Resources */ = {isa = PBXBuildFile; fileRef = A32D8CE91B11DD4E0017BE12 /* ButtonREC_SW.png */; };
		A32D8CF51B11E3680017BE12 /* ButtonPV_SW.png in Resources */ = {isa = PBXBuildFile; fileRef = A32D8CF41B11E3680017BE12 /* ButtonPV_SW.png */; };
/* End PBXBuildFile section */

/* Begin PBXContainerItemProxy section */
		A32D8CBF1B11D4150017BE12 /* PBXContainerItemProxy */ = {
			isa = PBXContainerItemProxy;
			containerPortal = A32D8CA11B11D4140017BE12 /* Project object */;
			proxyType = 1;
			remoteGlobalIDString = A32D8CA81B11D4150017BE12;
			remoteInfo = StopWatch2;
		};
/* End PBXContainerItemProxy section */

/* Begin PBXFileReference section */
		A32D8CA91B11D4150017BE12 /* StopWatch2.app */ = {isa = PBXFileReference; explicitFileType = wrapper.application; includeInIndex = 0; path = StopWatch2.app; sourceTree = BUILT_PRODUCTS_DIR; };
		A32D8CAD1B11D4150017BE12 /* Info.plist */ = {isa = PBXFileReference; lastKnownFileType = text.plist.xml; path = Info.plist; sourceTree = "<group>"; };
		A32D8CAE1B11D4150017BE12 /* AppDelegate.swift */ = {isa = PBXFileReference; lastKnownFileType = sourcecode.swift; path = AppDelegate.swift; sourceTree = "<group>"; };
		A32D8CB01B11D4150017BE12 /* ViewController.swift */ = {isa = PBXFileReference; lastKnownFileType = sourcecode.swift; path = ViewController.swift; sourceTree = "<group>"; };
		A32D8CB31B11D4150017BE12 /* Base */ = {isa = PBXFileReference; lastKnownFileType = file.storyboard; name = Base; path = Base.lproj/Main.storyboard; sourceTree = "<group>"; };
		A32D8CB51B11D4150017BE12 /* Images.xcassets */ = {isa = PBXFileReference; lastKnownFileType = folder.assetcatalog; path = Images.xcassets; sourceTree = "<group>"; };
		A32D8CB81B11D4150017BE12 /* Base */ = {isa = PBXFileReference; lastKnownFileType = file.xib; name = Base; path = Base.lproj/LaunchScreen.xib; sourceTree = "<group>"; };
		A32D8CBE1B11D4150017BE12 /* StopWatch2Tests.xctest */ = {isa = PBXFileReference; explicitFileType = wrapper.cfbundle; includeInIndex = 0; path = StopWatch2Tests.xctest; sourceTree = BUILT_PRODUCTS_DIR; };
		A32D8CC31B11D4150017BE12 /* Info.plist */ = {isa = PBXFileReference; lastKnownFileType = text.plist.xml; path = Info.plist; sourceTree = "<group>"; };
		A32D8CC41B11D4150017BE12 /* StopWatch2Tests.swift */ = {isa = PBXFileReference; lastKnownFileType = sourcecode.swift; path = StopWatch2Tests.swift; sourceTree = "<group>"; };
		A32D8CCE1B11D52F0017BE12 /* LapViewController.swift */ = {isa = PBXFileReference; fileEncoding = 4; lastKnownFileType = sourcecode.swift; path = LapViewController.swift; sourceTree = "<group>"; };
		A32D8CE21B11DD4E0017BE12 /* Button_SW.png */ = {isa = PBXFileReference; lastKnownFileType = image.png; path = Button_SW.png; sourceTree = "<group>"; };
		A32D8CE31B11DD4E0017BE12 /* flame.png */ = {isa = PBXFileReference; lastKnownFileType = image.png; path = flame.png; sourceTree = "<group>"; };
		A32D8CE41B11DD4E0017BE12 /* Crysta.ttf */ = {isa = PBXFileReference; lastKnownFileType = file; path = Crysta.ttf; sourceTree = "<group>"; };
		A32D8CE51B11DD4E0017BE12 /* ButtonBACK_SW.png */ = {isa = PBXFileReference; lastKnownFileType = image.png; path = ButtonBACK_SW.png; sourceTree = "<group>"; };
		A32D8CE61B11DD4E0017BE12 /* ButtonNEXT_SW.png */ = {isa = PBXFileReference; lastKnownFileType = image.png; path = ButtonNEXT_SW.png; sourceTree = "<group>"; };
		A32D8CE71B11DD4E0017BE12 /* ButtonAC_SW.png */ = {isa = PBXFileReference; lastKnownFileType = image.png; path = ButtonAC_SW.png; sourceTree = "<group>"; };
		A32D8CE81B11DD4E0017BE12 /* ButtonLAP_SW.png */ = {isa = PBXFileReference; lastKnownFileType = image.png; path = ButtonLAP_SW.png; sourceTree = "<group>"; };
		A32D8CE91B11DD4E0017BE12 /* ButtonREC_SW.png */ = {isa = PBXFileReference; lastKnownFileType = image.png; path = ButtonREC_SW.png; sourceTree = "<group>"; };
		A32D8CF41B11E3680017BE12 /* ButtonPV_SW.png */ = {isa = PBXFileReference; lastKnownFileType = image.png; path = ButtonPV_SW.png; sourceTree = "<group>"; };
/* End PBXFileReference section */

/* Begin PBXFrameworksBuildPhase section */
		A32D8CA61B11D4150017BE12 /* Frameworks */ = {
			isa = PBXFrameworksBuildPhase;
			buildActionMask = 2147483647;
			files = (
			);
			runOnlyForDeploymentPostprocessing = 0;
		};
		A32D8CBB1B11D4150017BE12 /* Frameworks */ = {
			isa = PBXFrameworksBuildPhase;
			buildActionMask = 2147483647;
			files = (
			);
			runOnlyForDeploymentPostprocessing = 0;
		};
/* End PBXFrameworksBuildPhase section */

/* Begin PBXGroup section */
		A32D8CA01B11D4140017BE12 = {
			isa = PBXGroup;
			children = (
				A32D8CAB1B11D4150017BE12 /* StopWatch2 */,
				A32D8CC11B11D4150017BE12 /* StopWatch2Tests */,
				A32D8CAA1B11D4150017BE12 /* Products */,
			);
			sourceTree = "<group>";
		};
		A32D8CAA1B11D4150017BE12 /* Products */ = {
			isa = PBXGroup;
			children = (
				A32D8CA91B11D4150017BE12 /* StopWatch2.app */,
				A32D8CBE1B11D4150017BE12 /* StopWatch2Tests.xctest */,
			);
			name = Products;
			sourceTree = "<group>";
		};
		A32D8CAB1B11D4150017BE12 /* StopWatch2 */ = {
			isa = PBXGroup;
			children = (
				A32D8CE11B11DD4E0017BE12 /* Material */,
				A32D8CAE1B11D4150017BE12 /* AppDelegate.swift */,
				A32D8CB01B11D4150017BE12 /* ViewController.swift */,
				A32D8CCE1B11D52F0017BE12 /* LapViewController.swift */,
				A32D8CB21B11D4150017BE12 /* Main.storyboard */,
				A32D8CB51B11D4150017BE12 /* Images.xcassets */,
				A32D8CB71B11D4150017BE12 /* LaunchScreen.xib */,
				A32D8CAC1B11D4150017BE12 /* Supporting Files */,
			);
			path = StopWatch2;
			sourceTree = "<group>";
		};
		A32D8CAC1B11D4150017BE12 /* Supporting Files */ = {
			isa = PBXGroup;
			children = (
				A32D8CAD1B11D4150017BE12 /* Info.plist */,
			);
			name = "Supporting Files";
			sourceTree = "<group>";
		};
		A32D8CC11B11D4150017BE12 /* StopWatch2Tests */ = {
			isa = PBXGroup;
			children = (
				A32D8CC41B11D4150017BE12 /* StopWatch2Tests.swift */,
				A32D8CC21B11D4150017BE12 /* Supporting Files */,
			);
			path = StopWatch2Tests;
			sourceTree = "<group>";
		};
		A32D8CC21B11D4150017BE12 /* Supporting Files */ = {
			isa = PBXGroup;
			children = (
				A32D8CC31B11D4150017BE12 /* Info.plist */,
			);
			name = "Supporting Files";
			sourceTree = "<group>";
		};
		A32D8CE11B11DD4E0017BE12 /* Material */ = {
			isa = PBXGroup;
			children = (
				A32D8CE21B11DD4E0017BE12 /* Button_SW.png */,
				A32D8CE31B11DD4E0017BE12 /* flame.png */,
				A32D8CE41B11DD4E0017BE12 /* Crysta.ttf */,
				A32D8CE51B11DD4E0017BE12 /* ButtonBACK_SW.png */,
				A32D8CE61B11DD4E0017BE12 /* ButtonNEXT_SW.png */,
				A32D8CE71B11DD4E0017BE12 /* ButtonAC_SW.png */,
				A32D8CE81B11DD4E0017BE12 /* ButtonLAP_SW.png */,
				A32D8CE91B11DD4E0017BE12 /* ButtonREC_SW.png */,
				A32D8CF41B11E3680017BE12 /* ButtonPV_SW.png */,
			);
			path = Material;
			sourceTree = SOURCE_ROOT;
		};
/* End PBXGroup section */

/* Begin PBXNativeTarget section */
		A32D8CA81B11D4150017BE12 /* StopWatch2 */ = {
			isa = PBXNativeTarget;
			buildConfigurationList = A32D8CC81B11D4150017BE12 /* Build configuration list for PBXNativeTarget "StopWatch2" */;
			buildPhases = (
				A32D8CA51B11D4150017BE12 /* Sources */,
				A32D8CA61B11D4150017BE12 /* Frameworks */,
				A32D8CA71B11D4150017BE12 /* Resources */,
			);
			buildRules = (
			);
			dependencies = (
			);
			name = StopWatch2;
			productName = StopWatch2;
			productReference = A32D8CA91B11D4150017BE12 /* StopWatch2.app */;
			productType = "com.apple.product-type.application";
		};
		A32D8CBD1B11D4150017BE12 /* StopWatch2Tests */ = {
			isa = PBXNativeTarget;
			buildConfigurationList = A32D8CCB1B11D4150017BE12 /* Build configuration list for PBXNativeTarget "StopWatch2Tests" */;
			buildPhases = (
				A32D8CBA1B11D4150017BE12 /* Sources */,
				A32D8CBB1B11D4150017BE12 /* Frameworks */,
				A32D8CBC1B11D4150017BE12 /* Resources */,
			);
			buildRules = (
			);
			dependencies = (
				A32D8CC01B11D4150017BE12 /* PBXTargetDependency */,
			);
			name = StopWatch2Tests;
			productName = StopWatch2Tests;
			productReference = A32D8CBE1B11D4150017BE12 /* StopWatch2Tests.xctest */;
			productType = "com.apple.product-type.bundle.unit-test";
		};
/* End PBXNativeTarget section */

/* Begin PBXProject section */
		A32D8CA11B11D4140017BE12 /* Project object */ = {
			isa = PBXProject;
			attributes = {
				LastUpgradeCheck = 0610;
				ORGANIZATIONNAME = KFCC;
				TargetAttributes = {
					A32D8CA81B11D4150017BE12 = {
						CreatedOnToolsVersion = 6.1.1;
						DevelopmentTeam = K9CDYU7438;
					};
					A32D8CBD1B11D4150017BE12 = {
						CreatedOnToolsVersion = 6.1.1;
						TestTargetID = A32D8CA81B11D4150017BE12;
					};
				};
			};
			buildConfigurationList = A32D8CA41B11D4140017BE12 /* Build configuration list for PBXProject "StopWatch2" */;
			compatibilityVersion = "Xcode 3.2";
			developmentRegion = English;
			hasScannedForEncodings = 0;
			knownRegions = (
				en,
				Base,
			);
			mainGroup = A32D8CA01B11D4140017BE12;
			productRefGroup = A32D8CAA1B11D4150017BE12 /* Products */;
			projectDirPath = "";
			projectRoot = "";
			targets = (
				A32D8CA81B11D4150017BE12 /* StopWatch2 */,
				A32D8CBD1B11D4150017BE12 /* StopWatch2Tests */,
			);
		};
/* End PBXProject section */

/* Begin PBXResourcesBuildPhase section */
		A32D8CA71B11D4150017BE12 /* Resources */ = {
			isa = PBXResourcesBuildPhase;
			buildActionMask = 2147483647;
			files = (
				A32D8CF11B11DD4E0017BE12 /* ButtonREC_SW.png in Resources */,
				A32D8CEE1B11DD4E0017BE12 /* ButtonNEXT_SW.png in Resources */,
				A32D8CEC1B11DD4E0017BE12 /* Crysta.ttf in Resources */,
				A32D8CF51B11E3680017BE12 /* ButtonPV_SW.png in Resources */,
				A32D8CB41B11D4150017BE12 /* Main.storyboard in Resources */,
				A32D8CEA1B11DD4E0017BE12 /* Button_SW.png in Resources */,
				A32D8CED1B11DD4E0017BE12 /* ButtonBACK_SW.png in Resources */,
				A32D8CF01B11DD4E0017BE12 /* ButtonLAP_SW.png in Resources */,
				A32D8CEF1B11DD4E0017BE12 /* ButtonAC_SW.png in Resources */,
				A32D8CB91B11D4150017BE12 /* LaunchScreen.xib in Resources */,
				A32D8CB61B11D4150017BE12 /* Images.xcassets in Resources */,
				A32D8CEB1B11DD4E0017BE12 /* flame.png in Resources */,
			);
			runOnlyForDeploymentPostprocessing = 0;
		};
		A32D8CBC1B11D4150017BE12 /* Resources */ = {
			isa = PBXResourcesBuildPhase;
			buildActionMask = 2147483647;
			files = (
			);
			runOnlyForDeploymentPostprocessing = 0;
		};
/* End PBXResourcesBuildPhase section */

/* Begin PBXSourcesBuildPhase section */
		A32D8CA51B11D4150017BE12 /* Sources */ = {
			isa = PBXSourcesBuildPhase;
			buildActionMask = 2147483647;
			files = (
				A32D8CB11B11D4150017BE12 /* ViewController.swift in Sources */,
				A32D8CCF1B11D52F0017BE12 /* LapViewController.swift in Sources */,
				A32D8CAF1B11D4150017BE12 /* AppDelegate.swift in Sources */,
			);
			runOnlyForDeploymentPostprocessing = 0;
		};
		A32D8CBA1B11D4150017BE12 /* Sources */ = {
			isa = PBXSourcesBuildPhase;
			buildActionMask = 2147483647;
			files = (
				A32D8CC51B11D4150017BE12 /* StopWatch2Tests.swift in Sources */,
			);
			runOnlyForDeploymentPostprocessing = 0;
		};
/* End PBXSourcesBuildPhase section */

/* Begin PBXTargetDependency section */
		A32D8CC01B11D4150017BE12 /* PBXTargetDependency */ = {
			isa = PBXTargetDependency;
			target = A32D8CA81B11D4150017BE12 /* StopWatch2 */;
			targetProxy = A32D8CBF1B11D4150017BE12 /* PBXContainerItemProxy */;
		};
/* End PBXTargetDependency section */

/* Begin PBXVariantGroup section */
		A32D8CB21B11D4150017BE12 /* Main.storyboard */ = {
			isa = PBXVariantGroup;
			children = (
				A32D8CB31B11D4150017BE12 /* Base */,
			);
			name = Main.storyboard;
			sourceTree = "<group>";
		};
		A32D8CB71B11D4150017BE12 /* LaunchScreen.xib */ = {
			isa = PBXVariantGroup;
			children = (
				A32D8CB81B11D4150017BE12 /* Base */,
			);
			name = LaunchScreen.xib;
			sourceTree = "<group>";
		};
/* End PBXVariantGroup section */

/* Begin XCBuildConfiguration section */
		A32D8CC61B11D4150017BE12 /* Debug */ = {
			isa = XCBuildConfiguration;
			buildSettings = {
				ALWAYS_SEARCH_USER_PATHS = NO;
				CLANG_CXX_LANGUAGE_STANDARD = "gnu++0x";
				CLANG_CXX_LIBRARY = "libc++";
				CLANG_ENABLE_MODULES = YES;
				CLANG_ENABLE_OBJC_ARC = YES;
				CLANG_WARN_BOOL_CONVERSION = YES;
				CLANG_WARN_CONSTANT_CONVERSION = YES;
				CLANG_WARN_DIRECT_OBJC_ISA_USAGE = YES_ERROR;
				CLANG_WARN_EMPTY_BODY = YES;
				CLANG_WARN_ENUM_CONVERSION = YES;
				CLANG_WARN_INT_CONVERSION = YES;
				CLANG_WARN_OBJC_ROOT_CLASS = YES_ERROR;
				CLANG_WARN_UNREACHABLE_CODE = YES;
				CLANG_WARN__DUPLICATE_METHOD_MATCH = YES;
				"CODE_SIGN_IDENTITY[sdk=iphoneos*]" = "iPhone Developer";
				COPY_PHASE_STRIP = NO;
				ENABLE_STRICT_OBJC_MSGSEND = YES;
				GCC_C_LANGUAGE_STANDARD = gnu99;
				GCC_DYNAMIC_NO_PIC = NO;
				GCC_OPTIMIZATION_LEVEL = 0;
				GCC_PREPROCESSOR_DEFINITIONS = (
					"DEBUG=1",
					"$(inherited)",
				);
				GCC_SYMBOLS_PRIVATE_EXTERN = NO;
				GCC_WARN_64_TO_32_BIT_CONVERSION = YES;
				GCC_WARN_ABOUT_RETURN_TYPE = YES_ERROR;
				GCC_WARN_UNDECLARED_SELECTOR = YES;
				GCC_WARN_UNINITIALIZED_AUTOS = YES_AGGRESSIVE;
				GCC_WARN_UNUSED_FUNCTION = YES;
				GCC_WARN_UNUSED_VARIABLE = YES;
				IPHONEOS_DEPLOYMENT_TARGET = 8.1;
				MTL_ENABLE_DEBUG_INFO = YES;
				ONLY_ACTIVE_ARCH = YES;
				SDKROOT = iphoneos;
				SWIFT_OPTIMIZATION_LEVEL = "-Onone";
			};
			name = Debug;
		};
		A32D8CC71B11D4150017BE12 /* Release */ = {
			isa = XCBuildConfiguration;
			buildSettings = {
				ALWAYS_SEARCH_USER_PATHS = NO;
				CLANG_CXX_LANGUAGE_STANDARD = "gnu++0x";
				CLANG_CXX_LIBRARY = "libc++";
				CLANG_ENABLE_MODULES = YES;
				CLANG_ENABLE_OBJC_ARC = YES;
				CLANG_WARN_BOOL_CONVERSION = YES;
				CLANG_WARN_CONSTANT_CONVERSION = YES;
				CLANG_WARN_DIRECT_OBJC_ISA_USAGE = YES_ERROR;
				CLANG_WARN_EMPTY_BODY = YES;
				CLANG_WARN_ENUM_CONVERSION = YES;
				CLANG_WARN_INT_CONVERSION = YES;
				CLANG_WARN_OBJC_ROOT_CLASS = YES_ERROR;
				CLANG_WARN_UNREACHABLE_CODE = YES;
				CLANG_WARN__DUPLICATE_METHOD_MATCH = YES;
				"CODE_SIGN_IDENTITY[sdk=iphoneos*]" = "iPhone Developer";
				COPY_PHASE_STRIP = YES;
				ENABLE_NS_ASSERTIONS = NO;
				ENABLE_STRICT_OBJC_MSGSEND = YES;
				GCC_C_LANGUAGE_STANDARD = gnu99;
				GCC_WARN_64_TO_32_BIT_CONVERSION = YES;
				GCC_WARN_ABOUT_RETURN_TYPE = YES_ERROR;
				GCC_WARN_UNDECLARED_SELECTOR = YES;
				GCC_WARN_UNINITIALIZED_AUTOS = YES_AGGRESSIVE;
				GCC_WARN_UNUSED_FUNCTION = YES;
				GCC_WARN_UNUSED_VARIABLE = YES;
				IPHONEOS_DEPLOYMENT_TARGET = 8.1;
				MTL_ENABLE_DEBUG_INFO = NO;
				SDKROOT = iphoneos;
				VALIDATE_PRODUCT = YES;
			};
			name = Release;
		};
		A32D8CC91B11D4150017BE12 /* Debug */ = {
			isa = XCBuildConfiguration;
			buildSettings = {
				ASSETCATALOG_COMPILER_APPICON_NAME = AppIcon;
				CODE_SIGN_IDENTITY = "iPhone Developer";
				"CODE_SIGN_IDENTITY[sdk=iphoneos*]" = "iPhone Developer";
				INFOPLIST_FILE = StopWatch2/Info.plist;
				LD_RUNPATH_SEARCH_PATHS = "$(inherited) @executable_path/Frameworks";
				PRODUCT_NAME = "$(TARGET_NAME)";
				PROVISIONING_PROFILE = "";
			};
			name = Debug;
		};
		A32D8CCA1B11D4150017BE12 /* Release */ = {
			isa = XCBuildConfiguration;
			buildSettings = {
				ASSETCATALOG_COMPILER_APPICON_NAME = AppIcon;
				CODE_SIGN_IDENTITY = "iPhone Developer";
				"CODE_SIGN_IDENTITY[sdk=iphoneos*]" = "iPhone Developer";
				INFOPLIST_FILE = StopWatch2/Info.plist;
				LD_RUNPATH_SEARCH_PATHS = "$(inherited) @executable_path/Frameworks";
				PRODUCT_NAME = "$(TARGET_NAME)";
				PROVISIONING_PROFILE = "";
			};
			name = Release;
		};
		A32D8CCC1B11D4150017BE12 /* Debug */ = {
			isa = XCBuildConfiguration;
			buildSettings = {
				BUNDLE_LOADER = "$(TEST_HOST)";
				FRAMEWORK_SEARCH_PATHS = (
					"$(SDKROOT)/Developer/Library/Frameworks",
					"$(inherited)",
				);
				GCC_PREPROCESSOR_DEFINITIONS = (
					"DEBUG=1",
					"$(inherited)",
				);
				INFOPLIST_FILE = StopWatch2Tests/Info.plist;
				LD_RUNPATH_SEARCH_PATHS = "$(inherited) @executable_path/Frameworks @loader_path/Frameworks";
				PRODUCT_NAME = "$(TARGET_NAME)";
				TEST_HOST = "$(BUILT_PRODUCTS_DIR)/StopWatch2.app/StopWatch2";
			};
			name = Debug;
		};
		A32D8CCD1B11D4150017BE12 /* Release */ = {
			isa = XCBuildConfiguration;
			buildSettings = {
				BUNDLE_LOADER = "$(TEST_HOST)";
				FRAMEWORK_SEARCH_PATHS = (
					"$(SDKROOT)/Developer/Library/Frameworks",
					"$(inherited)",
				);
				INFOPLIST_FILE = StopWatch2Tests/Info.plist;
				LD_RUNPATH_SEARCH_PATHS = "$(inherited) @executable_path/Frameworks @loader_path/Frameworks";
				PRODUCT_NAME = "$(TARGET_NAME)";
				TEST_HOST = "$(BUILT_PRODUCTS_DIR)/StopWatch2.app/StopWatch2";
			};
			name = Release;
		};
/* End XCBuildConfiguration section */

/* Begin XCConfigurationList section */
		A32D8CA41B11D4140017BE12 /* Build configuration list for PBXProject "StopWatch2" */ = {
			isa = XCConfigurationList;
			buildConfigurations = (
				A32D8CC61B11D4150017BE12 /* Debug */,
				A32D8CC71B11D4150017BE12 /* Release */,
			);
			defaultConfigurationIsVisible = 0;
			defaultConfigurationName = Release;
		};
		A32D8CC81B11D4150017BE12 /* Build configuration list for PBXNativeTarget "StopWatch2" */ = {
			isa = XCConfigurationList;
			buildConfigurations = (
				A32D8CC91B11D4150017BE12 /* Debug */,
				A32D8CCA1B11D4150017BE12 /* Release */,
			);
			defaultConfigurationIsVisible = 0;
			defaultConfigurationName = Release;
		};
		A32D8CCB1B11D4150017BE12 /* Build configuration list for PBXNativeTarget "StopWatch2Tests" */ = {
			isa = XCConfigurationList;
			buildConfigurations = (
				A32D8CCC1B11D4150017BE12 /* Debug */,
				A32D8CCD1B11D4150017BE12 /* Release */,
			);
			defaultConfigurationIsVisible = 0;
			defaultConfigurationName = Release;
		};
/* End XCConfigurationList section */
	};
	rootObject = A32D8CA11B11D4140017BE12 /* Project object */;
}
